
Microsoft Visual Studio Solution File, Format Version 12.00
# Visual Studio Version 17
VisualStudioVersion = 17.2.32616.157
MinimumVisualStudioVersion = 10.0.40219.1
Project("{9A19103F-16F7-4668-BE54-9A1E7A4F7556}") = "OpenAI_API", "OpenAI_API\OpenAI_API.csproj", "{99C80D3E-3F0F-4ACC-900D-7AAE6230A780}"
EndProject
Project("{2150E333-8FDC-42A3-9474-1A3956D46DE8}") = "Solution Items", "Solution Items", "{1B37C1A8-1122-49FD-A3C1-C8F697714C1B}"
	ProjectSection(SolutionItems) = preProject
		LICENSE.md = LICENSE.md
		nuget.config = nuget.config
		README.md = README.md
	EndProjectSection
EndProject
Project("{9A19103F-16F7-4668-BE54-9A1E7A4F7556}") = "OpenAI_Tests", "OpenAI_Tests\OpenAI_Tests.csproj", "{8D52C286-BCE2-41A1-8342-F088676F1522}"
EndProject
Project("{FAE04EC0-301F-11D3-BF4B-00C04F79EFBC}") = "OpenAI_API.Harness", "OpenAI_API.Harness\OpenAI_API.Harness.csproj", "{59196A48-1C2A-429E-9351-E1A9FB2A6643}"
EndProject
Global
	GlobalSection(SolutionConfigurationPlatforms) = preSolution
		Debug|Any CPU = Debug|Any CPU
		Release|Any CPU = Release|Any CPU
	EndGlobalSection
	GlobalSection(ProjectConfigurationPlatforms) = postSolution
		{99C80D3E-3F0F-4ACC-900D-7AAE6230A780}.Debug|Any CPU.ActiveCfg = Debug|Any CPU
		{99C80D3E-3F0F-4ACC-900D-7AAE6230A780}.Debug|Any CPU.Build.0 = Debug|Any CPU
		{99C80D3E-3F0F-4ACC-900D-7AAE6230A780}.Release|Any CPU.ActiveCfg = Release|Any CPU
		{99C80D3E-3F0F-4ACC-900D-7AAE6230A780}.Release|Any CPU.Build.0 = Release|Any CPU
		{8D52C286-BCE2-41A1-8342-F088676F1522}.Debug|Any CPU.ActiveCfg = Debug|Any CPU
		{8D52C286-BCE2-41A1-8342-F088676F1522}.Debug|Any CPU.Build.0 = Debug|Any CPU
		{8D52C286-BCE2-41A1-8342-F088676F1522}.Release|Any CPU.ActiveCfg = Release|Any CPU
		{8D52C286-BCE2-41A1-8342-F088676F1522}.Release|Any CPU.Build.0 = Release|Any CPU
		{59196A48-1C2A-429E-9351-E1A9FB2A6643}.Debug|Any CPU.ActiveCfg = Debug|Any CPU
		{59196A48-1C2A-429E-9351-E1A9FB2A6643}.Debug|Any CPU.Build.0 = Debug|Any CPU
		{59196A48-1C2A-429E-9351-E1A9FB2A6643}.Release|Any CPU.ActiveCfg = Release|Any CPU
		{59196A48-1C2A-429E-9351-E1A9FB2A6643}.Release|Any CPU.Build.0 = Release|Any CPU
	EndGlobalSection
	GlobalSection(SolutionProperties) = preSolution
		HideSolutionNode = FALSE
	EndGlobalSection
	GlobalSection(ExtensibilityGlobals) = postSolution
		SolutionGuid = {971477B1-6BBA-40CD-8B76-AEBC01D99130}
	EndGlobalSection
EndGlobal
